
Microsoft Visual Studio Solution File, Format Version 12.00
# Visual Studio Version 16
VisualStudioVersion = 16.0.30114.105
MinimumVisualStudioVersion = 10.0.40219.1
Project("{F2A71F9B-5D33-465A-A702-920D77279786}") = "aoc", "aoc\aoc.fsproj", "{AD29149F-66E8-4A5A-8511-AAF46411C853}"
EndProject
Project("{F2A71F9B-5D33-465A-A702-920D77279786}") = "aoc.tests", "aoc.tests\aoc.tests.fsproj", "{53525EA8-B47F-463B-9F6C-76DFA7EE85E7}"
EndProject
Global
	GlobalSection(SolutionConfigurationPlatforms) = preSolution
		Debug|Any CPU = Debug|Any CPU
		Release|Any CPU = Release|Any CPU
	EndGlobalSection
	GlobalSection(SolutionProperties) = preSolution
		HideSolutionNode = FALSE
	EndGlobalSection
	GlobalSection(ProjectConfigurationPlatforms) = postSolution
		{AD29149F-66E8-4A5A-8511-AAF46411C853}.Debug|Any CPU.ActiveCfg = Debug|Any CPU
		{AD29149F-66E8-4A5A-8511-AAF46411C853}.Debug|Any CPU.Build.0 = Debug|Any CPU
		{AD29149F-66E8-4A5A-8511-AAF46411C853}.Release|Any CPU.ActiveCfg = Release|Any CPU
		{AD29149F-66E8-4A5A-8511-AAF46411C853}.Release|Any CPU.Build.0 = Release|Any CPU
		{53525EA8-B47F-463B-9F6C-76DFA7EE85E7}.Debug|Any CPU.ActiveCfg = Debug|Any CPU
		{53525EA8-B47F-463B-9F6C-76DFA7EE85E7}.Debug|Any CPU.Build.0 = Debug|Any CPU
		{53525EA8-B47F-463B-9F6C-76DFA7EE85E7}.Release|Any CPU.ActiveCfg = Release|Any CPU
		{53525EA8-B47F-463B-9F6C-76DFA7EE85E7}.Release|Any CPU.Build.0 = Release|Any CPU
	EndGlobalSection
EndGlobal
